
Microsoft Visual Studio Solution File, Format Version 12.00
# Visual Studio Version 17
VisualStudioVersion = 17.0.31903.59
MinimumVisualStudioVersion = 10.0.40219.1
Project("{FAE04EC0-301F-11D3-BF4B-00C04F79EFBC}") = "ClassesHerança", "ClassesHerança\ClassesHerança.csproj", "{F1CC3FDB-3E6A-439B-826D-DD06693C530D}"
EndProject
Project("{FAE04EC0-301F-11D3-BF4B-00C04F79EFBC}") = "AplicaçãoHerança", "AplicaçãoHerança\AplicaçãoHerança.csproj", "{932D69FB-6698-4082-B364-713B2D4DFBE9}"
EndProject
Global
	GlobalSection(SolutionConfigurationPlatforms) = preSolution
		Debug|Any CPU = Debug|Any CPU
		Debug|x64 = Debug|x64
		Debug|x86 = Debug|x86
		Release|Any CPU = Release|Any CPU
		Release|x64 = Release|x64
		Release|x86 = Release|x86
	EndGlobalSection
	GlobalSection(ProjectConfigurationPlatforms) = postSolution
		{F1CC3FDB-3E6A-439B-826D-DD06693C530D}.Debug|Any CPU.ActiveCfg = Debug|Any CPU
		{F1CC3FDB-3E6A-439B-826D-DD06693C530D}.Debug|Any CPU.Build.0 = Debug|Any CPU
		{F1CC3FDB-3E6A-439B-826D-DD06693C530D}.Debug|x64.ActiveCfg = Debug|Any CPU
		{F1CC3FDB-3E6A-439B-826D-DD06693C530D}.Debug|x64.Build.0 = Debug|Any CPU
		{F1CC3FDB-3E6A-439B-826D-DD06693C530D}.Debug|x86.ActiveCfg = Debug|Any CPU
		{F1CC3FDB-3E6A-439B-826D-DD06693C530D}.Debug|x86.Build.0 = Debug|Any CPU
		{F1CC3FDB-3E6A-439B-826D-DD06693C530D}.Release|Any CPU.ActiveCfg = Release|Any CPU
		{F1CC3FDB-3E6A-439B-826D-DD06693C530D}.Release|Any CPU.Build.0 = Release|Any CPU
		{F1CC3FDB-3E6A-439B-826D-DD06693C530D}.Release|x64.ActiveCfg = Release|Any CPU
		{F1CC3FDB-3E6A-439B-826D-DD06693C530D}.Release|x64.Build.0 = Release|Any CPU
		{F1CC3FDB-3E6A-439B-826D-DD06693C530D}.Release|x86.ActiveCfg = Release|Any CPU
		{F1CC3FDB-3E6A-439B-826D-DD06693C530D}.Release|x86.Build.0 = Release|Any CPU
		{932D69FB-6698-4082-B364-713B2D4DFBE9}.Debug|Any CPU.ActiveCfg = Debug|Any CPU
		{932D69FB-6698-4082-B364-713B2D4DFBE9}.Debug|Any CPU.Build.0 = Debug|Any CPU
		{932D69FB-6698-4082-B364-713B2D4DFBE9}.Debug|x64.ActiveCfg = Debug|Any CPU
		{932D69FB-6698-4082-B364-713B2D4DFBE9}.Debug|x64.Build.0 = Debug|Any CPU
		{932D69FB-6698-4082-B364-713B2D4DFBE9}.Debug|x86.ActiveCfg = Debug|Any CPU
		{932D69FB-6698-4082-B364-713B2D4DFBE9}.Debug|x86.Build.0 = Debug|Any CPU
		{932D69FB-6698-4082-B364-713B2D4DFBE9}.Release|Any CPU.ActiveCfg = Release|Any CPU
		{932D69FB-6698-4082-B364-713B2D4DFBE9}.Release|Any CPU.Build.0 = Release|Any CPU
		{932D69FB-6698-4082-B364-713B2D4DFBE9}.Release|x64.ActiveCfg = Release|Any CPU
		{932D69FB-6698-4082-B364-713B2D4DFBE9}.Release|x64.Build.0 = Release|Any CPU
		{932D69FB-6698-4082-B364-713B2D4DFBE9}.Release|x86.ActiveCfg = Release|Any CPU
		{932D69FB-6698-4082-B364-713B2D4DFBE9}.Release|x86.Build.0 = Release|Any CPU
	EndGlobalSection
	GlobalSection(SolutionProperties) = preSolution
		HideSolutionNode = FALSE
	EndGlobalSection
EndGlobal
